
Microsoft Visual Studio Solution File, Format Version 12.00
# Visual Studio Version 16
VisualStudioVersion = 16.0.31515.178
MinimumVisualStudioVersion = 10.0.40219.1
Project("{9A19103F-16F7-4668-BE54-9A1E7A4F7556}") = "DevConVT", "DevConVT\DevConVT.csproj", "{CDE7AAEE-E12B-41AA-8CBF-B425AFE71779}"
EndProject
Project("{FAE04EC0-301F-11D3-BF4B-00C04F79EFBC}") = "DevConVT.Umbraco", "DevConVT.Umbraco\DevConVT.Umbraco.csproj", "{0A48BC8B-60E7-45EB-BCBF-A589FACC7145}"
EndProject
Project("{FAE04EC0-301F-11D3-BF4B-00C04F79EFBC}") = "DevConVT.Data", "DevConVT.Data\DevConVT.Data.csproj", "{869D4728-C213-4B72-9464-659F728051A4}"
EndProject
Project("{FAE04EC0-301F-11D3-BF4B-00C04F79EFBC}") = "DevConVT.Services", "DevConVT.Services\DevConVT.Services.csproj", "{41F8C49B-3B9C-4B7B-8EE8-B7CCBE290507}"
EndProject
Global
	GlobalSection(SolutionConfigurationPlatforms) = preSolution
		Debug|Any CPU = Debug|Any CPU
		Release|Any CPU = Release|Any CPU
	EndGlobalSection
	GlobalSection(ProjectConfigurationPlatforms) = postSolution
		{CDE7AAEE-E12B-41AA-8CBF-B425AFE71779}.Debug|Any CPU.ActiveCfg = Debug|Any CPU
		{CDE7AAEE-E12B-41AA-8CBF-B425AFE71779}.Debug|Any CPU.Build.0 = Debug|Any CPU
		{CDE7AAEE-E12B-41AA-8CBF-B425AFE71779}.Release|Any CPU.ActiveCfg = Release|Any CPU
		{CDE7AAEE-E12B-41AA-8CBF-B425AFE71779}.Release|Any CPU.Build.0 = Release|Any CPU
		{0A48BC8B-60E7-45EB-BCBF-A589FACC7145}.Debug|Any CPU.ActiveCfg = Debug|Any CPU
		{0A48BC8B-60E7-45EB-BCBF-A589FACC7145}.Debug|Any CPU.Build.0 = Debug|Any CPU
		{0A48BC8B-60E7-45EB-BCBF-A589FACC7145}.Release|Any CPU.ActiveCfg = Release|Any CPU
		{0A48BC8B-60E7-45EB-BCBF-A589FACC7145}.Release|Any CPU.Build.0 = Release|Any CPU
		{869D4728-C213-4B72-9464-659F728051A4}.Debug|Any CPU.ActiveCfg = Debug|Any CPU
		{869D4728-C213-4B72-9464-659F728051A4}.Debug|Any CPU.Build.0 = Debug|Any CPU
		{869D4728-C213-4B72-9464-659F728051A4}.Release|Any CPU.ActiveCfg = Release|Any CPU
		{869D4728-C213-4B72-9464-659F728051A4}.Release|Any CPU.Build.0 = Release|Any CPU
		{41F8C49B-3B9C-4B7B-8EE8-B7CCBE290507}.Debug|Any CPU.ActiveCfg = Debug|Any CPU
		{41F8C49B-3B9C-4B7B-8EE8-B7CCBE290507}.Debug|Any CPU.Build.0 = Debug|Any CPU
		{41F8C49B-3B9C-4B7B-8EE8-B7CCBE290507}.Release|Any CPU.ActiveCfg = Release|Any CPU
		{41F8C49B-3B9C-4B7B-8EE8-B7CCBE290507}.Release|Any CPU.Build.0 = Release|Any CPU
	EndGlobalSection
	GlobalSection(SolutionProperties) = preSolution
		HideSolutionNode = FALSE
	EndGlobalSection
	GlobalSection(ExtensibilityGlobals) = postSolution
		SolutionGuid = {79983107-2F68-4EB0-92A7-26C28F75AA1C}
	EndGlobalSection
EndGlobal
